
Microsoft Visual Studio Solution File, Format Version 12.00
# Visual Studio 15
VisualStudioVersion = 15.0.27130.2036
MinimumVisualStudioVersion = 10.0.40219.1
Project("{FAE04EC0-301F-11D3-BF4B-00C04F79EFBC}") = "Recruit", "Recruit\Recruit.csproj", "{F9664FC5-E45A-4B1F-803B-2AE8ADACD845}"
EndProject
Project("{E53339B2-1760-4266-BCC7-CA923CBCF16C}") = "docker-compose", "docker-compose.dcproj", "{AE3C04B5-A6EF-45AA-953D-014F2D922A52}"
EndProject
Global
	GlobalSection(SolutionConfigurationPlatforms) = preSolution
		Debug|Any CPU = Debug|Any CPU
		Release|Any CPU = Release|Any CPU
	EndGlobalSection
	GlobalSection(ProjectConfigurationPlatforms) = postSolution
		{F9664FC5-E45A-4B1F-803B-2AE8ADACD845}.Debug|Any CPU.ActiveCfg = Debug|Any CPU
		{F9664FC5-E45A-4B1F-803B-2AE8ADACD845}.Debug|Any CPU.Build.0 = Debug|Any CPU
		{F9664FC5-E45A-4B1F-803B-2AE8ADACD845}.Release|Any CPU.ActiveCfg = Release|Any CPU
		{F9664FC5-E45A-4B1F-803B-2AE8ADACD845}.Release|Any CPU.Build.0 = Release|Any CPU
		{AE3C04B5-A6EF-45AA-953D-014F2D922A52}.Debug|Any CPU.ActiveCfg = Debug|Any CPU
		{AE3C04B5-A6EF-45AA-953D-014F2D922A52}.Debug|Any CPU.Build.0 = Debug|Any CPU
		{AE3C04B5-A6EF-45AA-953D-014F2D922A52}.Release|Any CPU.ActiveCfg = Release|Any CPU
		{AE3C04B5-A6EF-45AA-953D-014F2D922A52}.Release|Any CPU.Build.0 = Release|Any CPU
	EndGlobalSection
	GlobalSection(SolutionProperties) = preSolution
		HideSolutionNode = FALSE
	EndGlobalSection
	GlobalSection(ExtensibilityGlobals) = postSolution
		SolutionGuid = {E5792AEF-CE24-4418-8E2E-C109F9573058}
	EndGlobalSection
EndGlobal
